
Microsoft Visual Studio Solution File, Format Version 12.00
# Visual Studio Version 17
VisualStudioVersion = 17.14.35906.104 d17.14
MinimumVisualStudioVersion = 10.0.40219.1
Project("{FAE04EC0-301F-11D3-BF4B-00C04F79EFBC}") = "PPAI RedSismica", "PPAI RedSismica\PPAI RedSismica.csproj", "{272FBFF2-9A8F-4851-9876-9A7BDB4370F5}"
EndProject
Global
	GlobalSection(SolutionConfigurationPlatforms) = preSolution
		Debug|Any CPU = Debug|Any CPU
		Release|Any CPU = Release|Any CPU
	EndGlobalSection
	GlobalSection(ProjectConfigurationPlatforms) = postSolution
		{272FBFF2-9A8F-4851-9876-9A7BDB4370F5}.Debug|Any CPU.ActiveCfg = Debug|Any CPU
		{272FBFF2-9A8F-4851-9876-9A7BDB4370F5}.Debug|Any CPU.Build.0 = Debug|Any CPU
		{272FBFF2-9A8F-4851-9876-9A7BDB4370F5}.Release|Any CPU.ActiveCfg = Release|Any CPU
		{272FBFF2-9A8F-4851-9876-9A7BDB4370F5}.Release|Any CPU.Build.0 = Release|Any CPU
	EndGlobalSection
	GlobalSection(SolutionProperties) = preSolution
		HideSolutionNode = FALSE
	EndGlobalSection
	GlobalSection(ExtensibilityGlobals) = postSolution
		SolutionGuid = {B185AD87-6CD1-483E-96A7-CA1E008DEFC4}
	EndGlobalSection
EndGlobal
